
Microsoft Visual Studio Solution File, Format Version 12.00
# Visual Studio 15
VisualStudioVersion = 15.0.28307.136
MinimumVisualStudioVersion = 10.0.40219.1
Project("{FAE04EC0-301F-11D3-BF4B-00C04F79EFBC}") = "WebCoreTestMedXUnit", "WebCoreTestMedXUnit\WebCoreTestMedXUnit.csproj", "{E5CCC650-341B-4D26-B3B7-10B93FF7E370}"
EndProject
Project("{FAE04EC0-301F-11D3-BF4B-00C04F79EFBC}") = "XUnitdelenTillAppen", "XUnitdelenTillAppen\XUnitdelenTillAppen.csproj", "{3B381DFE-203D-482A-B2CF-8A095D17D127}"
EndProject
Global
	GlobalSection(SolutionConfigurationPlatforms) = preSolution
		Debug|Any CPU = Debug|Any CPU
		Release|Any CPU = Release|Any CPU
	EndGlobalSection
	GlobalSection(ProjectConfigurationPlatforms) = postSolution
		{E5CCC650-341B-4D26-B3B7-10B93FF7E370}.Debug|Any CPU.ActiveCfg = Debug|Any CPU
		{E5CCC650-341B-4D26-B3B7-10B93FF7E370}.Debug|Any CPU.Build.0 = Debug|Any CPU
		{E5CCC650-341B-4D26-B3B7-10B93FF7E370}.Release|Any CPU.ActiveCfg = Release|Any CPU
		{E5CCC650-341B-4D26-B3B7-10B93FF7E370}.Release|Any CPU.Build.0 = Release|Any CPU
		{3B381DFE-203D-482A-B2CF-8A095D17D127}.Debug|Any CPU.ActiveCfg = Debug|Any CPU
		{3B381DFE-203D-482A-B2CF-8A095D17D127}.Debug|Any CPU.Build.0 = Debug|Any CPU
		{3B381DFE-203D-482A-B2CF-8A095D17D127}.Release|Any CPU.ActiveCfg = Release|Any CPU
		{3B381DFE-203D-482A-B2CF-8A095D17D127}.Release|Any CPU.Build.0 = Release|Any CPU
	EndGlobalSection
	GlobalSection(SolutionProperties) = preSolution
		HideSolutionNode = FALSE
	EndGlobalSection
	GlobalSection(ExtensibilityGlobals) = postSolution
		SolutionGuid = {0CBD8D85-0079-49D8-A8F0-2772B106C2D3}
	EndGlobalSection
EndGlobal
